
Microsoft Visual Studio Solution File, Format Version 12.00
# Visual Studio Version 17
VisualStudioVersion = 17.0.31903.59
MinimumVisualStudioVersion = 10.0.40219.1
Project("{2150E333-8FDC-42A3-9474-1A3956D46DE8}") = "src", "src", "{827E0CD3-B72D-47B6-A68D-7590B98EB39B}"
EndProject
Project("{FAE04EC0-301F-11D3-BF4B-00C04F79EFBC}") = "Chonkie.Core", "src\Chonkie.Core\Chonkie.Core.csproj", "{68E42EEC-4C56-45DD-8D7C-676CAFD285AD}"
EndProject
Project("{FAE04EC0-301F-11D3-BF4B-00C04F79EFBC}") = "Chonkie.Tokenizers", "src\Chonkie.Tokenizers\Chonkie.Tokenizers.csproj", "{AF1A90E7-C804-4DC2-BF1F-4312837D2889}"
EndProject
Project("{2150E333-8FDC-42A3-9474-1A3956D46DE8}") = "tests", "tests", "{0AB3BF05-4346-4AA6-1389-037BE0695223}"
EndProject
Project("{2150E333-8FDC-42A3-9474-1A3956D46DE8}") = "samples", "samples", "{F8B4C9E1-2D3A-4F5E-9C7B-8A6D5E3F1C2A}"
EndProject
Project("{FAE04EC0-301F-11D3-BF4B-00C04F79EFBC}") = "Chonkie.Sample", "samples\Chonkie.Sample\Chonkie.Sample.csproj", "{B7E8F2C3-4A5D-4E9F-8B1A-6C9D7E4F2B3C}"
EndProject
Project("{FAE04EC0-301F-11D3-BF4B-00C04F79EFBC}") = "Chonkie.Core.Tests", "tests\Chonkie.Core.Tests\Chonkie.Core.Tests.csproj", "{DF9622E6-DA58-41E2-90E3-103FBC36EB31}"
EndProject
Project("{FAE04EC0-301F-11D3-BF4B-00C04F79EFBC}") = "Chonkie.Chunkers", "src\Chonkie.Chunkers\Chonkie.Chunkers.csproj", "{C4B96D81-590B-4CA0-8351-5305A2F1882C}"
EndProject
Project("{FAE04EC0-301F-11D3-BF4B-00C04F79EFBC}") = "Chonkie.Embeddings", "src\Chonkie.Embeddings\Chonkie.Embeddings.csproj", "{AB3E37BF-9F9D-41EA-98F0-38812CAAEBEA}"
EndProject
Project("{FAE04EC0-301F-11D3-BF4B-00C04F79EFBC}") = "Chonkie.Embeddings.Tests", "tests\Chonkie.Embeddings.Tests\Chonkie.Embeddings.Tests.csproj", "{CE7985ED-8DFD-4B16-94A8-03F05DED0A9E}"
EndProject
Project("{FAE04EC0-301F-11D3-BF4B-00C04F79EFBC}") = "Chonkie.Embeddings.Integration.Tests", "tests\Chonkie.Embeddings.Integration.Tests\Chonkie.Embeddings.Integration.Tests.csproj", "{026D3854-09E3-401A-8878-F4270F9E9DA5}"
EndProject
Global
	GlobalSection(SolutionConfigurationPlatforms) = preSolution
		Debug|Any CPU = Debug|Any CPU
		Debug|x64 = Debug|x64
		Debug|x86 = Debug|x86
		Release|Any CPU = Release|Any CPU
		Release|x64 = Release|x64
		Release|x86 = Release|x86
	EndGlobalSection
	GlobalSection(ProjectConfigurationPlatforms) = postSolution
		{68E42EEC-4C56-45DD-8D7C-676CAFD285AD}.Debug|Any CPU.ActiveCfg = Debug|Any CPU
		{68E42EEC-4C56-45DD-8D7C-676CAFD285AD}.Debug|Any CPU.Build.0 = Debug|Any CPU
		{68E42EEC-4C56-45DD-8D7C-676CAFD285AD}.Debug|x64.ActiveCfg = Debug|Any CPU
		{68E42EEC-4C56-45DD-8D7C-676CAFD285AD}.Debug|x64.Build.0 = Debug|Any CPU
		{68E42EEC-4C56-45DD-8D7C-676CAFD285AD}.Debug|x86.ActiveCfg = Debug|Any CPU
		{68E42EEC-4C56-45DD-8D7C-676CAFD285AD}.Debug|x86.Build.0 = Debug|Any CPU
		{68E42EEC-4C56-45DD-8D7C-676CAFD285AD}.Release|Any CPU.ActiveCfg = Release|Any CPU
		{68E42EEC-4C56-45DD-8D7C-676CAFD285AD}.Release|Any CPU.Build.0 = Release|Any CPU
		{68E42EEC-4C56-45DD-8D7C-676CAFD285AD}.Release|x64.ActiveCfg = Release|Any CPU
		{68E42EEC-4C56-45DD-8D7C-676CAFD285AD}.Release|x64.Build.0 = Release|Any CPU
		{68E42EEC-4C56-45DD-8D7C-676CAFD285AD}.Release|x86.ActiveCfg = Release|Any CPU
		{68E42EEC-4C56-45DD-8D7C-676CAFD285AD}.Release|x86.Build.0 = Release|Any CPU
		{AF1A90E7-C804-4DC2-BF1F-4312837D2889}.Debug|Any CPU.ActiveCfg = Debug|Any CPU
		{AF1A90E7-C804-4DC2-BF1F-4312837D2889}.Debug|Any CPU.Build.0 = Debug|Any CPU
		{AF1A90E7-C804-4DC2-BF1F-4312837D2889}.Debug|x64.ActiveCfg = Debug|Any CPU
		{AF1A90E7-C804-4DC2-BF1F-4312837D2889}.Debug|x64.Build.0 = Debug|Any CPU
		{AF1A90E7-C804-4DC2-BF1F-4312837D2889}.Debug|x86.ActiveCfg = Debug|Any CPU
		{AF1A90E7-C804-4DC2-BF1F-4312837D2889}.Debug|x86.Build.0 = Debug|Any CPU
		{AF1A90E7-C804-4DC2-BF1F-4312837D2889}.Release|Any CPU.ActiveCfg = Release|Any CPU
		{AF1A90E7-C804-4DC2-BF1F-4312837D2889}.Release|Any CPU.Build.0 = Release|Any CPU
		{AF1A90E7-C804-4DC2-BF1F-4312837D2889}.Release|x64.ActiveCfg = Release|Any CPU
		{AF1A90E7-C804-4DC2-BF1F-4312837D2889}.Release|x64.Build.0 = Release|Any CPU
		{AF1A90E7-C804-4DC2-BF1F-4312837D2889}.Release|x86.ActiveCfg = Release|Any CPU
		{AF1A90E7-C804-4DC2-BF1F-4312837D2889}.Release|x86.Build.0 = Release|Any CPU
		{DF9622E6-DA58-41E2-90E3-103FBC36EB31}.Debug|Any CPU.ActiveCfg = Debug|Any CPU
		{DF9622E6-DA58-41E2-90E3-103FBC36EB31}.Debug|Any CPU.Build.0 = Debug|Any CPU
		{DF9622E6-DA58-41E2-90E3-103FBC36EB31}.Debug|x64.ActiveCfg = Debug|Any CPU
		{DF9622E6-DA58-41E2-90E3-103FBC36EB31}.Debug|x64.Build.0 = Debug|Any CPU
		{DF9622E6-DA58-41E2-90E3-103FBC36EB31}.Debug|x86.ActiveCfg = Debug|Any CPU
		{DF9622E6-DA58-41E2-90E3-103FBC36EB31}.Debug|x86.Build.0 = Debug|Any CPU
		{DF9622E6-DA58-41E2-90E3-103FBC36EB31}.Release|Any CPU.ActiveCfg = Release|Any CPU
		{DF9622E6-DA58-41E2-90E3-103FBC36EB31}.Release|Any CPU.Build.0 = Release|Any CPU
		{DF9622E6-DA58-41E2-90E3-103FBC36EB31}.Release|x64.ActiveCfg = Release|Any CPU
		{DF9622E6-DA58-41E2-90E3-103FBC36EB31}.Release|x64.Build.0 = Release|Any CPU
		{DF9622E6-DA58-41E2-90E3-103FBC36EB31}.Release|x86.ActiveCfg = Release|Any CPU
		{DF9622E6-DA58-41E2-90E3-103FBC36EB31}.Release|x86.Build.0 = Release|Any CPU
		{C4B96D81-590B-4CA0-8351-5305A2F1882C}.Debug|Any CPU.ActiveCfg = Debug|Any CPU
		{C4B96D81-590B-4CA0-8351-5305A2F1882C}.Debug|Any CPU.Build.0 = Debug|Any CPU
		{C4B96D81-590B-4CA0-8351-5305A2F1882C}.Debug|x64.ActiveCfg = Debug|Any CPU
		{C4B96D81-590B-4CA0-8351-5305A2F1882C}.Debug|x64.Build.0 = Debug|Any CPU
		{C4B96D81-590B-4CA0-8351-5305A2F1882C}.Debug|x86.ActiveCfg = Debug|Any CPU
		{C4B96D81-590B-4CA0-8351-5305A2F1882C}.Debug|x86.Build.0 = Debug|Any CPU
		{C4B96D81-590B-4CA0-8351-5305A2F1882C}.Release|Any CPU.ActiveCfg = Release|Any CPU
		{C4B96D81-590B-4CA0-8351-5305A2F1882C}.Release|Any CPU.Build.0 = Release|Any CPU
		{C4B96D81-590B-4CA0-8351-5305A2F1882C}.Release|x64.ActiveCfg = Release|Any CPU
		{C4B96D81-590B-4CA0-8351-5305A2F1882C}.Release|x64.Build.0 = Release|Any CPU
		{C4B96D81-590B-4CA0-8351-5305A2F1882C}.Release|x86.ActiveCfg = Release|Any CPU
		{C4B96D81-590B-4CA0-8351-5305A2F1882C}.Release|x86.Build.0 = Release|Any CPU
		{AB3E37BF-9F9D-41EA-98F0-38812CAAEBEA}.Debug|Any CPU.ActiveCfg = Debug|Any CPU
		{AB3E37BF-9F9D-41EA-98F0-38812CAAEBEA}.Debug|Any CPU.Build.0 = Debug|Any CPU
		{AB3E37BF-9F9D-41EA-98F0-38812CAAEBEA}.Debug|x64.ActiveCfg = Debug|Any CPU
		{AB3E37BF-9F9D-41EA-98F0-38812CAAEBEA}.Debug|x64.Build.0 = Debug|Any CPU
		{AB3E37BF-9F9D-41EA-98F0-38812CAAEBEA}.Debug|x86.ActiveCfg = Debug|Any CPU
		{AB3E37BF-9F9D-41EA-98F0-38812CAAEBEA}.Debug|x86.Build.0 = Debug|Any CPU
		{AB3E37BF-9F9D-41EA-98F0-38812CAAEBEA}.Release|Any CPU.ActiveCfg = Release|Any CPU
		{AB3E37BF-9F9D-41EA-98F0-38812CAAEBEA}.Release|Any CPU.Build.0 = Release|Any CPU
		{AB3E37BF-9F9D-41EA-98F0-38812CAAEBEA}.Release|x64.ActiveCfg = Release|Any CPU
		{AB3E37BF-9F9D-41EA-98F0-38812CAAEBEA}.Release|x64.Build.0 = Release|Any CPU
		{AB3E37BF-9F9D-41EA-98F0-38812CAAEBEA}.Release|x86.ActiveCfg = Release|Any CPU
		{AB3E37BF-9F9D-41EA-98F0-38812CAAEBEA}.Release|x86.Build.0 = Release|Any CPU
		{CE7985ED-8DFD-4B16-94A8-03F05DED0A9E}.Debug|Any CPU.ActiveCfg = Debug|Any CPU
		{CE7985ED-8DFD-4B16-94A8-03F05DED0A9E}.Debug|Any CPU.Build.0 = Debug|Any CPU
		{CE7985ED-8DFD-4B16-94A8-03F05DED0A9E}.Debug|x64.ActiveCfg = Debug|Any CPU
		{CE7985ED-8DFD-4B16-94A8-03F05DED0A9E}.Debug|x64.Build.0 = Debug|Any CPU
		{CE7985ED-8DFD-4B16-94A8-03F05DED0A9E}.Debug|x86.ActiveCfg = Debug|Any CPU
		{CE7985ED-8DFD-4B16-94A8-03F05DED0A9E}.Debug|x86.Build.0 = Debug|Any CPU
		{CE7985ED-8DFD-4B16-94A8-03F05DED0A9E}.Release|Any CPU.ActiveCfg = Release|Any CPU
		{CE7985ED-8DFD-4B16-94A8-03F05DED0A9E}.Release|Any CPU.Build.0 = Release|Any CPU
		{CE7985ED-8DFD-4B16-94A8-03F05DED0A9E}.Release|x64.ActiveCfg = Release|Any CPU
		{CE7985ED-8DFD-4B16-94A8-03F05DED0A9E}.Release|x64.Build.0 = Release|Any CPU
		{CE7985ED-8DFD-4B16-94A8-03F05DED0A9E}.Release|x86.ActiveCfg = Release|Any CPU
		{CE7985ED-8DFD-4B16-94A8-03F05DED0A9E}.Release|x86.Build.0 = Release|Any CPU
		{026D3854-09E3-401A-8878-F4270F9E9DA5}.Debug|Any CPU.ActiveCfg = Debug|Any CPU
		{026D3854-09E3-401A-8878-F4270F9E9DA5}.Debug|Any CPU.Build.0 = Debug|Any CPU
		{026D3854-09E3-401A-8878-F4270F9E9DA5}.Debug|x64.ActiveCfg = Debug|Any CPU
		{026D3854-09E3-401A-8878-F4270F9E9DA5}.Debug|x64.Build.0 = Debug|Any CPU
		{026D3854-09E3-401A-8878-F4270F9E9DA5}.Debug|x86.ActiveCfg = Debug|Any CPU
		{026D3854-09E3-401A-8878-F4270F9E9DA5}.Debug|x86.Build.0 = Debug|Any CPU
		{026D3854-09E3-401A-8878-F4270F9E9DA5}.Release|Any CPU.ActiveCfg = Release|Any CPU
		{026D3854-09E3-401A-8878-F4270F9E9DA5}.Release|Any CPU.Build.0 = Release|Any CPU
		{026D3854-09E3-401A-8878-F4270F9E9DA5}.Release|x64.ActiveCfg = Release|Any CPU
		{026D3854-09E3-401A-8878-F4270F9E9DA5}.Release|x64.Build.0 = Release|Any CPU
		{026D3854-09E3-401A-8878-F4270F9E9DA5}.Release|x86.ActiveCfg = Release|Any CPU
		{026D3854-09E3-401A-8878-F4270F9E9DA5}.Release|x86.Build.0 = Release|Any CPU
		{B7E8F2C3-4A5D-4E9F-8B1A-6C9D7E4F2B3C}.Debug|Any CPU.ActiveCfg = Debug|Any CPU
		{B7E8F2C3-4A5D-4E9F-8B1A-6C9D7E4F2B3C}.Debug|Any CPU.Build.0 = Debug|Any CPU
		{B7E8F2C3-4A5D-4E9F-8B1A-6C9D7E4F2B3C}.Debug|x64.ActiveCfg = Debug|Any CPU
		{B7E8F2C3-4A5D-4E9F-8B1A-6C9D7E4F2B3C}.Debug|x64.Build.0 = Debug|Any CPU
		{B7E8F2C3-4A5D-4E9F-8B1A-6C9D7E4F2B3C}.Debug|x86.ActiveCfg = Debug|Any CPU
		{B7E8F2C3-4A5D-4E9F-8B1A-6C9D7E4F2B3C}.Debug|x86.Build.0 = Debug|Any CPU
		{B7E8F2C3-4A5D-4E9F-8B1A-6C9D7E4F2B3C}.Release|Any CPU.ActiveCfg = Release|Any CPU
		{B7E8F2C3-4A5D-4E9F-8B1A-6C9D7E4F2B3C}.Release|Any CPU.Build.0 = Release|Any CPU
		{B7E8F2C3-4A5D-4E9F-8B1A-6C9D7E4F2B3C}.Release|x64.ActiveCfg = Release|Any CPU
		{B7E8F2C3-4A5D-4E9F-8B1A-6C9D7E4F2B3C}.Release|x64.Build.0 = Release|Any CPU
		{B7E8F2C3-4A5D-4E9F-8B1A-6C9D7E4F2B3C}.Release|x86.ActiveCfg = Release|Any CPU
		{B7E8F2C3-4A5D-4E9F-8B1A-6C9D7E4F2B3C}.Release|x86.Build.0 = Release|Any CPU
	EndGlobalSection
	GlobalSection(SolutionProperties) = preSolution
		HideSolutionNode = FALSE
	EndGlobalSection
	GlobalSection(NestedProjects) = preSolution
		{68E42EEC-4C56-45DD-8D7C-676CAFD285AD} = {827E0CD3-B72D-47B6-A68D-7590B98EB39B}
		{AF1A90E7-C804-4DC2-BF1F-4312837D2889} = {827E0CD3-B72D-47B6-A68D-7590B98EB39B}
		{DF9622E6-DA58-41E2-90E3-103FBC36EB31} = {0AB3BF05-4346-4AA6-1389-037BE0695223}
		{C4B96D81-590B-4CA0-8351-5305A2F1882C} = {827E0CD3-B72D-47B6-A68D-7590B98EB39B}
		{AB3E37BF-9F9D-41EA-98F0-38812CAAEBEA} = {827E0CD3-B72D-47B6-A68D-7590B98EB39B}
		{CE7985ED-8DFD-4B16-94A8-03F05DED0A9E} = {0AB3BF05-4346-4AA6-1389-037BE0695223}
		{026D3854-09E3-401A-8878-F4270F9E9DA5} = {0AB3BF05-4346-4AA6-1389-037BE0695223}
		{B7E8F2C3-4A5D-4E9F-8B1A-6C9D7E4F2B3C} = {F8B4C9E1-2D3A-4F5E-9C7B-8A6D5E3F1C2A}
	EndGlobalSection
EndGlobal
